lockfileVersion: '9.0'

settings:
  autoInstallPeers: true
  excludeLinksFromLockfile: false

importers:

  .:
    dependencies:
      pinyin:
        specifier: ^4.0.0
        version: 4.0.0

packages:

  commander@1.1.1:
    resolution: {integrity: sha512-71Rod2AhcH3JhkBikVpNd0pA+fWsmAaVoti6OR38T76chA7vE3pSerS0Jor4wDw+tOueD2zLVvFOw5H0Rcj7rA==}
    engines: {node: '>= 0.6.x'}

  keypress@0.1.0:
    resolution: {integrity: sha512-x0yf9PL/nx9Nw9oLL8ZVErFAk85/lslwEP7Vz7s5SI1ODXZIgit3C5qyWjw4DxOuO/3Hb4866SQh28a1V1d+WA==}

  pinyin@4.0.0:
    resolution: {integrity: sha512-vHpV5K+vpp6XUUpZNGRDuHoN+1xcmieM3EWlH4QjSX2kkpG/gVOwpqwV9EOJ9x9c9UERFKeLml5XVSukE/PLgQ==}
    engines: {install-node: ^18.0.0}
    hasBin: true
    peerDependencies:
      '@node-rs/jieba': ^1.6.0
      nodejieba: ^3.4.4
      segmentit: ^2.0.3
    peerDependenciesMeta:
      '@node-rs/jieba':
        optional: true
      nodejieba:
        optional: true
      segmentit:
        optional: true

snapshots:

  commander@1.1.1:
    dependencies:
      keypress: 0.1.0

  keypress@0.1.0: {}

  pinyin@4.0.0:
    dependencies:
      commander: 1.1.1
